
Microsoft Visual Studio Solution File, Format Version 12.00
# Visual Studio Version 17
VisualStudioVersion = 17.5.002.0
MinimumVisualStudioVersion = 10.0.40219.1
Project("{9A19103F-16F7-4668-BE54-9A1E7A4F7556}") = "dotnet-otel", "dotnet-otel.csproj", "{C69D4C01-927E-46F0-8932-2A7E7302868D}"
EndProject
Global
	GlobalSection(SolutionConfigurationPlatforms) = preSolution
		Debug|Any CPU = Debug|Any CPU
		Release|Any CPU = Release|Any CPU
	EndGlobalSection
	GlobalSection(ProjectConfigurationPlatforms) = postSolution
		{C69D4C01-927E-46F0-8932-2A7E7302868D}.Debug|Any CPU.ActiveCfg = Debug|Any CPU
		{C69D4C01-927E-46F0-8932-2A7E7302868D}.Debug|Any CPU.Build.0 = Debug|Any CPU
		{C69D4C01-927E-46F0-8932-2A7E7302868D}.Release|Any CPU.ActiveCfg = Release|Any CPU
		{C69D4C01-927E-46F0-8932-2A7E7302868D}.Release|Any CPU.Build.0 = Release|Any CPU
	EndGlobalSection
	GlobalSection(SolutionProperties) = preSolution
		HideSolutionNode = FALSE
	EndGlobalSection
	GlobalSection(ExtensibilityGlobals) = postSolution
		SolutionGuid = {E5CFB40A-2DF3-4EAB-8D9A-81C037A6E3DF}
	EndGlobalSection
EndGlobal
